
Microsoft Visual Studio Solution File, Format Version 12.00
# Visual Studio Version 17
VisualStudioVersion = 17.14.36109.1 d17.14
MinimumVisualStudioVersion = 10.0.40219.1
Project("{FAE04EC0-301F-11D3-BF4B-00C04F79EFBC}") = "BankingSystem.API", "BankingSystem.API\BankingSystem.API.csproj", "{C988E7AF-DE83-46AA-A4D8-147C375EA00E}"
EndProject
Project("{FAE04EC0-301F-11D3-BF4B-00C04F79EFBC}") = "BankingSystem.Application", "BankingSystem.Application\BankingSystem.Application.csproj", "{C8A5E598-B69A-4FFC-93BE-5E285715420B}"
EndProject
Project("{FAE04EC0-301F-11D3-BF4B-00C04F79EFBC}") = "BankingSystem.Domain", "BankingSystem.Domain\BankingSystem.Domain.csproj", "{659CB456-2637-45CC-A858-44DE7F64AD3A}"
EndProject
Project("{FAE04EC0-301F-11D3-BF4B-00C04F79EFBC}") = "BankingSystem.Infrastructure", "BankingSystem.Infrastructure\BankingSystem.Infrastructure.csproj", "{E5FD031B-ADC6-4D81-B667-823FC2BAD62F}"
EndProject
Global
	GlobalSection(SolutionConfigurationPlatforms) = preSolution
		Debug|Any CPU = Debug|Any CPU
		Release|Any CPU = Release|Any CPU
	EndGlobalSection
	GlobalSection(ProjectConfigurationPlatforms) = postSolution
		{C988E7AF-DE83-46AA-A4D8-147C375EA00E}.Debug|Any CPU.ActiveCfg = Debug|Any CPU
		{C988E7AF-DE83-46AA-A4D8-147C375EA00E}.Debug|Any CPU.Build.0 = Debug|Any CPU
		{C988E7AF-DE83-46AA-A4D8-147C375EA00E}.Release|Any CPU.ActiveCfg = Release|Any CPU
		{C988E7AF-DE83-46AA-A4D8-147C375EA00E}.Release|Any CPU.Build.0 = Release|Any CPU
		{C8A5E598-B69A-4FFC-93BE-5E285715420B}.Debug|Any CPU.ActiveCfg = Debug|Any CPU
		{C8A5E598-B69A-4FFC-93BE-5E285715420B}.Debug|Any CPU.Build.0 = Debug|Any CPU
		{C8A5E598-B69A-4FFC-93BE-5E285715420B}.Release|Any CPU.ActiveCfg = Release|Any CPU
		{C8A5E598-B69A-4FFC-93BE-5E285715420B}.Release|Any CPU.Build.0 = Release|Any CPU
		{659CB456-2637-45CC-A858-44DE7F64AD3A}.Debug|Any CPU.ActiveCfg = Debug|Any CPU
		{659CB456-2637-45CC-A858-44DE7F64AD3A}.Debug|Any CPU.Build.0 = Debug|Any CPU
		{659CB456-2637-45CC-A858-44DE7F64AD3A}.Release|Any CPU.ActiveCfg = Release|Any CPU
		{659CB456-2637-45CC-A858-44DE7F64AD3A}.Release|Any CPU.Build.0 = Release|Any CPU
		{E5FD031B-ADC6-4D81-B667-823FC2BAD62F}.Debug|Any CPU.ActiveCfg = Debug|Any CPU
		{E5FD031B-ADC6-4D81-B667-823FC2BAD62F}.Debug|Any CPU.Build.0 = Debug|Any CPU
		{E5FD031B-ADC6-4D81-B667-823FC2BAD62F}.Release|Any CPU.ActiveCfg = Release|Any CPU
		{E5FD031B-ADC6-4D81-B667-823FC2BAD62F}.Release|Any CPU.Build.0 = Release|Any CPU
	EndGlobalSection
	GlobalSection(SolutionProperties) = preSolution
		HideSolutionNode = FALSE
	EndGlobalSection
	GlobalSection(ExtensibilityGlobals) = postSolution
		SolutionGuid = {0370D6FC-4454-46DE-A946-3DDC7450B08A}
	EndGlobalSection
EndGlobal
